
Microsoft Visual Studio Solution File, Format Version 12.00
# Visual Studio 2012
Project("{FAE04EC0-301F-11D3-BF4B-00C04F79EFBC}") = "CoreSus", "CoreSus\CoreSus.csproj", "{36B87187-93D5-4BF4-8D07-47D17A463114}"
EndProject
Project("{FAE04EC0-301F-11D3-BF4B-00C04F79EFBC}") = "SusClient", "SusClient\SusClient.csproj", "{F99F4864-80BF-44CC-912F-B57B4F263EF4}"
EndProject
Project("{FAE04EC0-301F-11D3-BF4B-00C04F79EFBC}") = "SusServer", "SusServer\SusServer.csproj", "{2499DD48-8154-41F1-9F26-674D7E3563A9}"
EndProject
Global
	GlobalSection(SolutionConfigurationPlatforms) = preSolution
		Debug|Any CPU = Debug|Any CPU
		Release|Any CPU = Release|Any CPU
	EndGlobalSection
	GlobalSection(ProjectConfigurationPlatforms) = postSolution
		{36B87187-93D5-4BF4-8D07-47D17A463114}.Debug|Any CPU.ActiveCfg = Debug|Any CPU
		{36B87187-93D5-4BF4-8D07-47D17A463114}.Debug|Any CPU.Build.0 = Debug|Any CPU
		{36B87187-93D5-4BF4-8D07-47D17A463114}.Release|Any CPU.ActiveCfg = Release|Any CPU
		{36B87187-93D5-4BF4-8D07-47D17A463114}.Release|Any CPU.Build.0 = Release|Any CPU
		{F99F4864-80BF-44CC-912F-B57B4F263EF4}.Debug|Any CPU.ActiveCfg = Debug|Any CPU
		{F99F4864-80BF-44CC-912F-B57B4F263EF4}.Debug|Any CPU.Build.0 = Debug|Any CPU
		{F99F4864-80BF-44CC-912F-B57B4F263EF4}.Release|Any CPU.ActiveCfg = Release|Any CPU
		{F99F4864-80BF-44CC-912F-B57B4F263EF4}.Release|Any CPU.Build.0 = Release|Any CPU
		{2499DD48-8154-41F1-9F26-674D7E3563A9}.Debug|Any CPU.ActiveCfg = Debug|Any CPU
		{2499DD48-8154-41F1-9F26-674D7E3563A9}.Debug|Any CPU.Build.0 = Debug|Any CPU
		{2499DD48-8154-41F1-9F26-674D7E3563A9}.Release|Any CPU.ActiveCfg = Release|Any CPU
		{2499DD48-8154-41F1-9F26-674D7E3563A9}.Release|Any CPU.Build.0 = Release|Any CPU
	EndGlobalSection
EndGlobal
